
Microsoft Visual Studio Solution File, Format Version 12.00
# Visual Studio Version 17
VisualStudioVersion = 17.5.002.0
MinimumVisualStudioVersion = 10.0.40219.1
Project("{9A19103F-16F7-4668-BE54-9A1E7A4F7556}") = "ApiAuthApp", "ApiAuthApp.csproj", "{70677F04-DCFE-4A78-9D7C-CB216B02055C}"
EndProject
Global
	GlobalSection(SolutionConfigurationPlatforms) = preSolution
		Debug|Any CPU = Debug|Any CPU
		Release|Any CPU = Release|Any CPU
	EndGlobalSection
	GlobalSection(ProjectConfigurationPlatforms) = postSolution
		{70677F04-DCFE-4A78-9D7C-CB216B02055C}.Debug|Any CPU.ActiveCfg = Debug|Any CPU
		{70677F04-DCFE-4A78-9D7C-CB216B02055C}.Debug|Any CPU.Build.0 = Debug|Any CPU
		{70677F04-DCFE-4A78-9D7C-CB216B02055C}.Release|Any CPU.ActiveCfg = Release|Any CPU
		{70677F04-DCFE-4A78-9D7C-CB216B02055C}.Release|Any CPU.Build.0 = Release|Any CPU
	EndGlobalSection
	GlobalSection(SolutionProperties) = preSolution
		HideSolutionNode = FALSE
	EndGlobalSection
	GlobalSection(ExtensibilityGlobals) = postSolution
		SolutionGuid = {3DA1CFDA-59E1-4603-B1D7-DB5DF5715AC8}
	EndGlobalSection
EndGlobal
